# Generated by pub
# See https://dart.dev/tools/pub/glossary#lockfile
packages:
  amap_location:
    dependency: "direct main"
    description:
      name: amap_location
      url: "https://pub.flutter-io.cn"
    source: hosted
    version: "0.2.0"
  async:
    dependency: transitive
    description:
      name: async
      url: "https://pub.flutter-io.cn"
    source: hosted
    version: "2.4.1"
  back_button_interceptor:
    dependency: transitive
    description:
      name: back_button_interceptor
      url: "https://pub.flutter-io.cn"
    source: hosted
    version: "4.2.4"
  boolean_selector:
    dependency: transitive
    description:
      name: boolean_selector
      url: "https://pub.flutter-io.cn"
    source: hosted
    version: "2.0.0"
  charcode:
    dependency: transitive
    description:
      name: charcode
      url: "https://pub.flutter-io.cn"
    source: hosted
    version: "1.1.3"
  charts_common:
    dependency: transitive
    description:
      name: charts_common
      url: "https://pub.flutter-io.cn"
    source: hosted
    version: "0.8.1"
  charts_flutter:
    dependency: "direct main"
    description:
      name: charts_flutter
      url: "https://pub.flutter-io.cn"
    source: hosted
    version: "0.8.1"
  clock:
    dependency: transitive
    description:
      name: clock
      url: "https://pub.flutter-io.cn"
    source: hosted
    version: "1.0.1"
  collection:
    dependency: transitive
    description:
      name: collection
      url: "https://pub.flutter-io.cn"
    source: hosted
    version: "1.14.12"
  convert:
    dependency: transitive
    description:
      name: convert
      url: "https://pub.flutter-io.cn"
    source: hosted
    version: "2.1.1"
  cool_ui:
    dependency: "direct main"
    description:
      name: cool_ui
      url: "https://pub.flutter-io.cn"
    source: hosted
    version: "0.6.3"
  crypto:
    dependency: transitive
    description:
      name: crypto
      url: "https://pub.flutter-io.cn"
    source: hosted
    version: "2.1.5"
  cupertino_icons:
    dependency: "direct main"
    description:
      name: cupertino_icons
      url: "https://pub.flutter-io.cn"
    source: hosted
    version: "0.1.3"
  date_format:
    dependency: "direct main"
    description:
      name: date_format
      url: "https://pub.flutter-io.cn"
    source: hosted
    version: "1.0.9"
  date_utils:
    dependency: "direct main"
    description:
      name: date_utils
      url: "https://pub.flutter-io.cn"
    source: hosted
    version: "0.1.0+3"
  dio:
    dependency: transitive
    description:
      name: dio
      url: "https://pub.flutter-io.cn"
    source: hosted
    version: "3.0.10"
  event_bus:
    dependency: "direct main"
    description:
      name: event_bus
      url: "https://pub.flutter-io.cn"
    source: hosted
    version: "1.1.1"
  extended_image:
    dependency: "direct main"
    description:
      name: extended_image
      url: "https://pub.flutter-io.cn"
    source: hosted
    version: "1.5.0"
  extended_image_library:
    dependency: transitive
    description:
      name: extended_image_library
      url: "https://pub.flutter-io.cn"
    source: hosted
    version: "0.3.1"
  fake_async:
    dependency: transitive
    description:
      name: fake_async
      url: "https://pub.flutter-io.cn"
    source: hosted
    version: "1.1.0"
  ffi:
    dependency: transitive
    description:
      name: ffi
      url: "https://pub.flutter-io.cn"
    source: hosted
    version: "0.1.3"
  file:
    dependency: transitive
    description:
      name: file
      url: "https://pub.flutter-io.cn"
    source: hosted
    version: "5.2.1"
  fluro:
    dependency: "direct main"
    description:
      name: fluro
      url: "https://pub.flutter-io.cn"
    source: hosted
    version: "1.6.3"
  flutter:
    dependency: "direct main"
    description: flutter
    source: sdk
    version: "0.0.0"
  flutter_cupertino_date_picker:
    dependency: "direct main"
    description:
      path: "."
      ref: HEAD
      resolved-ref: "38630701b92a4fd0b753f9ab38b3581a5645a629"
      url: "https://github.com/daveleenew/flutter-cupertino-date-picker.git"
    source: git
    version: "1.0.26+2"
  flutter_dotenv:
    dependency: "direct main"
    description:
      name: flutter_dotenv
      url: "https://pub.flutter-io.cn"
    source: hosted
    version: "2.1.0"
  flutter_easyrefresh:
    dependency: "direct main"
    description:
      name: flutter_easyrefresh
      url: "https://pub.flutter-io.cn"
    source: hosted
    version: "2.1.8"
  flutter_facebook_login:
    dependency: "direct main"
    description:
      name: flutter_facebook_login
      url: "https://pub.flutter-io.cn"
    source: hosted
    version: "3.0.0"
  flutter_model_package:
    dependency: "direct main"
    description:
      path: "/Users/zhiyi/flutter pro/flutter_model_package"
      relative: false
    source: path
    version: "0.0.1"
  flutter_page_indicator:
    dependency: transitive
    description:
      name: flutter_page_indicator
      url: "https://pub.flutter-io.cn"
    source: hosted
    version: "0.0.3"
  flutter_plugin_android_lifecycle:
    dependency: transitive
    description:
      name: flutter_plugin_android_lifecycle
      url: "https://pub.flutter-io.cn"
    source: hosted
    version: "1.0.11"
  flutter_screenutil:
    dependency: "direct main"
    description:
      name: flutter_screenutil
      url: "https://pub.flutter-io.cn"
    source: hosted
    version: "3.1.1"
  flutter_svg:
    dependency: "direct main"
    description:
      name: flutter_svg
      url: "https://pub.flutter-io.cn"
    source: hosted
    version: "0.18.0"
  flutter_swiper:
    dependency: "direct main"
    description:
      name: flutter_swiper
      url: "https://pub.flutter-io.cn"
    source: hosted
    version: "1.1.6"
  flutter_test:
    dependency: "direct dev"
    description: flutter
    source: sdk
    version: "0.0.0"
  flutter_web_plugins:
    dependency: transitive
    description: flutter
    source: sdk
    version: "0.0.0"
  fluwx_no_pay:
    dependency: "direct main"
    description:
      name: fluwx_no_pay
      url: "https://pub.flutter-io.cn"
    source: hosted
    version: "2.4.0"
  fsearch:
    dependency: "direct main"
    description:
      name: fsearch
      url: "https://pub.flutter-io.cn"
    source: hosted
    version: "1.0.1"
  get_it:
    dependency: "direct main"
    description:
      name: get_it
      url: "https://pub.flutter-io.cn"
    source: hosted
    version: "1.1.0"
  http:
    dependency: transitive
    description:
      name: http
      url: "https://pub.flutter-io.cn"
    source: hosted
    version: "0.12.2"
  http_client_helper:
    dependency: transitive
    description:
      name: http_client_helper
      url: "https://pub.flutter-io.cn"
    source: hosted
    version: "0.2.1"
  http_parser:
    dependency: transitive
    description:
      name: http_parser
      url: "https://pub.flutter-io.cn"
    source: hosted
    version: "3.1.4"
  idb_shim:
    dependency: transitive
    description:
      name: idb_shim
      url: "https://pub.flutter-io.cn"
    source: hosted
    version: "1.12.0"
  image_picker:
    dependency: "direct main"
    description:
      name: image_picker
      url: "https://pub.flutter-io.cn"
    source: hosted
    version: "0.6.7+17"
  image_picker_platform_interface:
    dependency: transitive
    description:
      name: image_picker_platform_interface
      url: "https://pub.flutter-io.cn"
    source: hosted
    version: "1.1.1"
  intl:
    dependency: transitive
    description:
      name: intl
      url: "https://pub.flutter-io.cn"
    source: hosted
    version: "0.16.1"
  js:
    dependency: transitive
    description:
      name: js
      url: "https://pub.flutter-io.cn"
    source: hosted
    version: "0.6.2"
  logging:
    dependency: transitive
    description:
      name: logging
      url: "https://pub.flutter-io.cn"
    source: hosted
    version: "0.11.4"
  maps_launcher:
    dependency: "direct main"
    description:
      name: maps_launcher
      url: "https://pub.flutter-io.cn"
    source: hosted
    version: "1.2.2+2"
  matcher:
    dependency: transitive
    description:
      name: matcher
      url: "https://pub.flutter-io.cn"
    source: hosted
    version: "0.12.6"
  meta:
    dependency: transitive
    description:
      name: meta
      url: "https://pub.flutter-io.cn"
    source: hosted
    version: "1.1.8"
  mime_type:
    dependency: transitive
    description:
      name: mime_type
      url: "https://pub.flutter-io.cn"
    source: hosted
    version: "0.3.2"
  nested:
    dependency: transitive
    description:
      name: nested
      url: "https://pub.flutter-io.cn"
    source: hosted
    version: "0.0.4"
  package_info:
    dependency: "direct main"
    description:
      name: package_info
      url: "https://pub.flutter-io.cn"
    source: hosted
    version: "0.4.3+2"
  parse_server_sdk:
    dependency: "direct main"
    description:
      name: parse_server_sdk
      url: "https://pub.flutter-io.cn"
    source: hosted
    version: "2.0.1"
  path:
    dependency: transitive
    description:
      name: path
      url: "https://pub.flutter-io.cn"
    source: hosted
    version: "1.7.0"
  path_drawing:
    dependency: transitive
    description:
      name: path_drawing
      url: "https://pub.flutter-io.cn"
    source: hosted
    version: "0.4.1+1"
  path_parsing:
    dependency: transitive
    description:
      name: path_parsing
      url: "https://pub.flutter-io.cn"
    source: hosted
    version: "0.1.4"
  path_provider:
    dependency: "direct main"
    description:
      name: path_provider
      url: "https://pub.flutter-io.cn"
    source: hosted
    version: "1.6.24"
  path_provider_linux:
    dependency: transitive
    description:
      name: path_provider_linux
      url: "https://pub.flutter-io.cn"
    source: hosted
    version: "0.0.1+2"
  path_provider_macos:
    dependency: transitive
    description:
      name: path_provider_macos
      url: "https://pub.flutter-io.cn"
    source: hosted
    version: "0.0.4+6"
  path_provider_platform_interface:
    dependency: transitive
    description:
      name: path_provider_platform_interface
      url: "https://pub.flutter-io.cn"
    source: hosted
    version: "1.0.4"
  path_provider_windows:
    dependency: transitive
    description:
      name: path_provider_windows
      url: "https://pub.flutter-io.cn"
    source: hosted
    version: "0.0.4+3"
  pedantic:
    dependency: transitive
    description:
      name: pedantic
      url: "https://pub.flutter-io.cn"
    source: hosted
    version: "1.9.0"
  permission_handler:
    dependency: "direct main"
    description:
      name: permission_handler
      url: "https://pub.flutter-io.cn"
    source: hosted
    version: "5.0.1+1"
  permission_handler_platform_interface:
    dependency: transitive
    description:
      name: permission_handler_platform_interface
      url: "https://pub.flutter-io.cn"
    source: hosted
    version: "2.0.1"
  petitparser:
    dependency: transitive
    description:
      name: petitparser
      url: "https://pub.flutter-io.cn"
    source: hosted
    version: "3.0.4"
  platform:
    dependency: transitive
    description:
      name: platform
      url: "https://pub.flutter-io.cn"
    source: hosted
    version: "2.2.1"
  plugin_platform_interface:
    dependency: transitive
    description:
      name: plugin_platform_interface
      url: "https://pub.flutter-io.cn"
    source: hosted
    version: "1.0.3"
  process:
    dependency: transitive
    description:
      name: process
      url: "https://pub.flutter-io.cn"
    source: hosted
    version: "3.0.13"
  provide:
    dependency: "direct main"
    description:
      name: provide
      url: "https://pub.flutter-io.cn"
    source: hosted
    version: "1.0.2"
  provider:
    dependency: "direct main"
    description:
      name: provider
      url: "https://pub.flutter-io.cn"
    source: hosted
    version: "4.3.2+2"
  random_pk:
    dependency: "direct main"
    description:
      name: random_pk
      url: "https://pub.flutter-io.cn"
    source: hosted
    version: "0.0.3"
  sembast:
    dependency: transitive
    description:
      name: sembast
      url: "https://pub.flutter-io.cn"
    source: hosted
    version: "2.4.7+7"
  sembast_web:
    dependency: transitive
    description:
      name: sembast_web
      url: "https://pub.flutter-io.cn"
    source: hosted
    version: "1.2.0"
  shared_preferences:
    dependency: "direct main"
    description:
      name: shared_preferences
      url: "https://pub.flutter-io.cn"
    source: hosted
    version: "0.5.12+4"
  shared_preferences_linux:
    dependency: transitive
    description:
      name: shared_preferences_linux
      url: "https://pub.flutter-io.cn"
    source: hosted
    version: "0.0.2+4"
  shared_preferences_macos:
    dependency: transitive
    description:
      name: shared_preferences_macos
      url: "https://pub.flutter-io.cn"
    source: hosted
    version: "0.0.1+11"
  shared_preferences_platform_interface:
    dependency: transitive
    description:
      name: shared_preferences_platform_interface
      url: "https://pub.flutter-io.cn"
    source: hosted
    version: "1.0.4"
  shared_preferences_web:
    dependency: transitive
    description:
      name: shared_preferences_web
      url: "https://pub.flutter-io.cn"
    source: hosted
    version: "0.1.2+7"
  shared_preferences_windows:
    dependency: transitive
    description:
      name: shared_preferences_windows
      url: "https://pub.flutter-io.cn"
    source: hosted
    version: "0.0.1+3"
  shimmer:
    dependency: "direct main"
    description:
      name: shimmer
      url: "https://pub.flutter-io.cn"
    source: hosted
    version: "1.1.2"
  sky_engine:
    dependency: transitive
    description: flutter
    source: sdk
    version: "0.0.99"
  sort_price:
    dependency: "direct main"
    description:
      name: sort_price
      url: "https://pub.flutter-io.cn"
    source: hosted
    version: "0.0.2"
  source_span:
    dependency: transitive
    description:
      name: source_span
      url: "https://pub.flutter-io.cn"
    source: hosted
    version: "1.7.0"
  stack_trace:
    dependency: transitive
    description:
      name: stack_trace
      url: "https://pub.flutter-io.cn"
    source: hosted
    version: "1.9.3"
  stream_channel:
    dependency: transitive
    description:
      name: stream_channel
      url: "https://pub.flutter-io.cn"
    source: hosted
    version: "2.0.0"
  string_scanner:
    dependency: transitive
    description:
      name: string_scanner
      url: "https://pub.flutter-io.cn"
    source: hosted
    version: "1.0.5"
  synchronized:
    dependency: transitive
    description:
      name: synchronized
      url: "https://pub.flutter-io.cn"
    source: hosted
    version: "2.2.0+2"
  tencent_im_plugin:
    dependency: "direct main"
    description:
      name: tencent_im_plugin
      url: "https://pub.flutter-io.cn"
    source: hosted
    version: "0.2.42"
  term_glyph:
    dependency: transitive
    description:
      name: term_glyph
      url: "https://pub.flutter-io.cn"
    source: hosted
    version: "1.1.0"
  test_api:
    dependency: transitive
    description:
      name: test_api
      url: "https://pub.flutter-io.cn"
    source: hosted
    version: "0.2.16"
  toast:
    dependency: "direct main"
    description:
      name: toast
      url: "https://pub.flutter-io.cn"
    source: hosted
    version: "0.1.5"
  transformer_page_view:
    dependency: transitive
    description:
      name: transformer_page_view
      url: "https://pub.flutter-io.cn"
    source: hosted
    version: "0.1.6"
  typed_data:
    dependency: transitive
    description:
      name: typed_data
      url: "https://pub.flutter-io.cn"
    source: hosted
    version: "1.1.6"
  url_launcher:
    dependency: "direct main"
    description:
      name: url_launcher
      url: "https://pub.flutter-io.cn"
    source: hosted
    version: "5.7.6"
  url_launcher_linux:
    dependency: transitive
    description:
      name: url_launcher_linux
      url: "https://pub.flutter-io.cn"
    source: hosted
    version: "0.0.1+4"
  url_launcher_macos:
    dependency: transitive
    description:
      name: url_launcher_macos
      url: "https://pub.flutter-io.cn"
    source: hosted
    version: "0.0.1+9"
  url_launcher_platform_interface:
    dependency: transitive
    description:
      name: url_launcher_platform_interface
      url: "https://pub.flutter-io.cn"
    source: hosted
    version: "1.0.8"
  url_launcher_web:
    dependency: transitive
    description:
      name: url_launcher_web
      url: "https://pub.flutter-io.cn"
    source: hosted
    version: "0.1.4+1"
  url_launcher_windows:
    dependency: transitive
    description:
      name: url_launcher_windows
      url: "https://pub.flutter-io.cn"
    source: hosted
    version: "0.0.1+3"
  uuid:
    dependency: transitive
    description:
      name: uuid
      url: "https://pub.flutter-io.cn"
    source: hosted
    version: "2.2.2"
  vector_math:
    dependency: transitive
    description:
      name: vector_math
      url: "https://pub.flutter-io.cn"
    source: hosted
    version: "2.0.8"
  web_socket_channel:
    dependency: transitive
    description:
      name: web_socket_channel
      url: "https://pub.flutter-io.cn"
    source: hosted
    version: "1.1.0"
  win32:
    dependency: transitive
    description:
      name: win32
      url: "https://pub.flutter-io.cn"
    source: hosted
    version: "1.7.4"
  xdg_directories:
    dependency: transitive
    description:
      name: xdg_directories
      url: "https://pub.flutter-io.cn"
    source: hosted
    version: "0.1.0"
  xml:
    dependency: transitive
    description:
      name: xml
      url: "https://pub.flutter-io.cn"
    source: hosted
    version: "4.5.1"
  xxtea:
    dependency: transitive
    description:
      name: xxtea
      url: "https://pub.flutter-io.cn"
    source: hosted
    version: "2.0.3"
sdks:
  dart: ">=2.8.0 <3.0.0"
  flutter: ">=1.19.0-4.3.pre <2.0.0"
